<?xml version="1.0" encoding="utf-8"?>
<Project ToolsVersion="4.0" xmlns="http://schemas.microsoft.com/developer/msbuild/2003">
  <ItemGroup>
    <Filter Include="Classes">
      <UniqueIdentifier>{fc5cb953-2953-4968-83b3-39e3ff951754}</UniqueIdentifier>
    </Filter>
    <Filter Include="win32">
      <UniqueIdentifier>{037a9a02-b906-4cc5-ad98-304acd4e25ee}</UniqueIdentifier>
    </Filter>
    <Filter Include="resource">
      <UniqueIdentifier>{2d1d0979-58cd-4ab6-b91c-13650158f1fa}</UniqueIdentifier>
    </Filter>
    <Filter Include="Classes\gif">
      <UniqueIdentifier>{853e06cb-0cb9-4807-9304-e960edf943d9}</UniqueIdentifier>
    </Filter>
    <Filter Include="Classes\gif\gif_lib">
      <UniqueIdentifier>{03a5560a-11fe-4cee-9447-6f7fc036b786}</UniqueIdentifier>
    </Filter>
  </ItemGroup>
  <ItemGroup>
    <ClInclude Include="..\Classes\AppDelegate.h">
      <Filter>Classes</Filter>
    </ClInclude>
    <ClInclude Include="main.h">
      <Filter>win32</Filter>
    </ClInclude>
    <ClInclude Include="resource.h" />
    <ClInclude Include="SimulatorWin.h" />
    <ClInclude Include="stdafx.h">
      <Filter>win32</Filter>
    </ClInclude>
    <ClInclude Include="targetver.h">
      <Filter>win32</Filter>
    </ClInclude>
    <ClInclude Include="..\Classes\ide-support\CodeIDESupport.h">
      <Filter>Classes</Filter>
    </ClInclude>
    <ClInclude Include="..\Classes\ide-support\lua_debugger.h">
      <Filter>Classes</Filter>
    </ClInclude>
    <ClInclude Include="..\Classes\ide-support\RuntimeLuaImpl.h">
      <Filter>Classes</Filter>
    </ClInclude>
    <ClInclude Include="..\Classes\register_all_packges.h">
      <Filter>Classes</Filter>
    </ClInclude>
    <ClInclude Include="..\Classes\extend_package_define_helper.h">
      <Filter>Classes</Filter>
    </ClInclude>
    <ClInclude Include="..\Classes\register_GameDyFuncsVersion_packges.h">
      <Filter>Classes</Filter>
    </ClInclude>
    <ClInclude Include="..\Classes\register_Label_packges.h">
      <Filter>Classes</Filter>
    </ClInclude>
    <ClInclude Include="..\Classes\lua_module_register.h">
      <Filter>Classes</Filter>
    </ClInclude>
    <ClInclude Include="..\Classes\gif\Bitmap.h">
      <Filter>Classes\gif</Filter>
    </ClInclude>
    <ClInclude Include="..\Classes\gif\CacheGif.h">
      <Filter>Classes\gif</Filter>
    </ClInclude>
    <ClInclude Include="..\Classes\gif\CacheGifData.h">
      <Filter>Classes\gif</Filter>
    </ClInclude>
    <ClInclude Include="..\Classes\gif\FileData.h">
      <Filter>Classes\gif</Filter>
    </ClInclude>
    <ClInclude Include="..\Classes\gif\GifBase.h">
      <Filter>Classes\gif</Filter>
    </ClInclude>
    <ClInclude Include="..\Classes\gif\GifMacros.h">
      <Filter>Classes\gif</Filter>
    </ClInclude>
    <ClInclude Include="..\Classes\gif\GIFMovie.h">
      <Filter>Classes\gif</Filter>
    </ClInclude>
    <ClInclude Include="..\Classes\gif\GIFMovieData.h">
      <Filter>Classes\gif</Filter>
    </ClInclude>
    <ClInclude Include="..\Classes\gif\GifUtils.h">
      <Filter>Classes\gif</Filter>
    </ClInclude>
    <ClInclude Include="..\Classes\gif\InstantGif.h">
      <Filter>Classes\gif</Filter>
    </ClInclude>
    <ClInclude Include="..\Classes\gif\InstantGifData.h">
      <Filter>Classes\gif</Filter>
    </ClInclude>
    <ClInclude Include="..\Classes\gif\Movie.h">
      <Filter>Classes\gif</Filter>
    </ClInclude>
    <ClInclude Include="..\Classes\gif\gif_lib\gif_hash.h">
      <Filter>Classes\gif\gif_lib</Filter>
    </ClInclude>
    <ClInclude Include="..\Classes\gif\gif_lib\gif_lib.h">
      <Filter>Classes\gif\gif_lib</Filter>
    </ClInclude>
    <ClInclude Include="..\Classes\gif\gif_lib\gif_lib_private.h">
      <Filter>Classes\gif\gif_lib</Filter>
    </ClInclude>
    <ClInclude Include="..\Classes\register_GifBase_packges.h">
      <Filter>Classes</Filter>
    </ClInclude>
  </ItemGroup>
  <ItemGroup>
    <ClCompile Include="..\Classes\AppDelegate.cpp">
      <Filter>Classes</Filter>
    </ClCompile>
    <ClCompile Include="main.cpp">
      <Filter>win32</Filter>
    </ClCompile>
    <ClCompile Include="SimulatorWin.cpp" />
    <ClCompile Include="stdafx.cpp">
      <Filter>win32</Filter>
    </ClCompile>
    <ClCompile Include="..\Classes\ide-support\lua_debugger.c">
      <Filter>Classes</Filter>
    </ClCompile>
    <ClCompile Include="..\Classes\ide-support\RuntimeLuaImpl.cpp">
      <Filter>Classes</Filter>
    </ClCompile>
    <ClCompile Include="..\Classes\register_all_packges.cpp">
      <Filter>Classes</Filter>
    </ClCompile>
    <ClCompile Include="..\Classes\register_GameDyFuncsVersion_packges.cpp">
      <Filter>Classes</Filter>
    </ClCompile>
    <ClCompile Include="..\Classes\register_Label_packges.cpp">
      <Filter>Classes</Filter>
    </ClCompile>
    <ClCompile Include="..\Classes\gif\Bitmap.cpp">
      <Filter>Classes\gif</Filter>
    </ClCompile>
    <ClCompile Include="..\Classes\gif\CacheGif.cpp">
      <Filter>Classes\gif</Filter>
    </ClCompile>
    <ClCompile Include="..\Classes\gif\CacheGifData.cpp">
      <Filter>Classes\gif</Filter>
    </ClCompile>
    <ClCompile Include="..\Classes\gif\FileData.cpp">
      <Filter>Classes\gif</Filter>
    </ClCompile>
    <ClCompile Include="..\Classes\gif\GifBase.cpp">
      <Filter>Classes\gif</Filter>
    </ClCompile>
    <ClCompile Include="..\Classes\gif\GifMovie.cpp">
      <Filter>Classes\gif</Filter>
    </ClCompile>
    <ClCompile Include="..\Classes\gif\GifMovieData.cpp">
      <Filter>Classes\gif</Filter>
    </ClCompile>
    <ClCompile Include="..\Classes\gif\InstantGif.cpp">
      <Filter>Classes\gif</Filter>
    </ClCompile>
    <ClCompile Include="..\Classes\gif\InstantGifData.cpp">
      <Filter>Classes\gif</Filter>
    </ClCompile>
    <ClCompile Include="..\Classes\gif\Movie.cpp">
      <Filter>Classes\gif</Filter>
    </ClCompile>
    <ClCompile Include="..\Classes\gif\gif_lib\dgif_lib.c">
      <Filter>Classes\gif\gif_lib</Filter>
    </ClCompile>
    <ClCompile Include="..\Classes\gif\gif_lib\gif_err.c">
      <Filter>Classes\gif\gif_lib</Filter>
    </ClCompile>
    <ClCompile Include="..\Classes\gif\gif_lib\gif_font.c">
      <Filter>Classes\gif\gif_lib</Filter>
    </ClCompile>
    <ClCompile Include="..\Classes\gif\gif_lib\gif_hash.c">
      <Filter>Classes\gif\gif_lib</Filter>
    </ClCompile>
    <ClCompile Include="..\Classes\gif\gif_lib\gifalloc.c">
      <Filter>Classes\gif\gif_lib</Filter>
    </ClCompile>
    <ClCompile Include="..\Classes\gif\gif_lib\quantize.c">
      <Filter>Classes\gif\gif_lib</Filter>
    </ClCompile>
    <ClCompile Include="..\Classes\register_GifBase_packges.cpp">
      <Filter>Classes</Filter>
    </ClCompile>
  </ItemGroup>
  <ItemGroup>
    <ResourceCompile Include="game.rc">
      <Filter>resource</Filter>
    </ResourceCompile>
  </ItemGroup>
  <ItemGroup>
    <Image Include="res\game.ico" />
  </ItemGroup>
</Project>